// !$*UTF8*$!
{
	archiveVersion = 1;
	classes = {
	};
	objectVersion = 46;
	objects = {

/* Begin PBXBuildFile section */
		9B3088631EB8ECC1003BE397 /* main.m in Sources */ = {isa = PBXBuildFile; fileRef = 9B3088621EB8ECC1003BE397 /* main.m */; };
		9B3088661EB8ECC1003BE397 /* AppDelegate.m in Sources */ = {isa = PBXBuildFile; fileRef = 9B3088651EB8ECC1003BE397 /* AppDelegate.m */; };
		9B3088691EB8ECC1003BE397 /* ImageViewer.xcdatamodeld in Sources */ = {isa = PBXBuildFile; fileRef = 9B3088671EB8ECC1003BE397 /* ImageViewer.xcdatamodeld */; };
		9B30886C1EB8ECC1003BE397 /* MasterViewController.m in Sources */ = {isa = PBXBuildFile; fileRef = 9B30886B1EB8ECC1003BE397 /* MasterViewController.m */; };
		9B30886F1EB8ECC1003BE397 /* DetailViewController.m in Sources */ = {isa = PBXBuildFile; fileRef = 9B30886E1EB8ECC1003BE397 /* DetailViewController.m */; };
		9B3088721EB8ECC1003BE397 /* Main.storyboard in Resources */ = {isa = PBXBuildFile; fileRef = 9B3088701EB8ECC1003BE397 /* Main.storyboard */; };
		9B3088741EB8ECC1003BE397 /* Assets.xcassets in Resources */ = {isa = PBXBuildFile; fileRef = 9B3088731EB8ECC1003BE397 /* Assets.xcassets */; };
		9B3088771EB8ECC1003BE397 /* LaunchScreen.storyboard in Resources */ = {isa = PBXBuildFile; fileRef = 9B3088751EB8ECC1003BE397 /* LaunchScreen.storyboard */; };
		9B3088821EB8ECC1003BE397 /* ImageViewerTests.m in Sources */ = {isa = PBXBuildFile; fileRef = 9B3088811EB8ECC1003BE397 /* ImageViewerTests.m */; };
		9B30888D1EB8ECC1003BE397 /* ImageViewerUITests.m in Sources */ = {isa = PBXBuildFile; fileRef = 9B30888C1EB8ECC1003BE397 /* ImageViewerUITests.m */; };
		9B3088A51EB8F7F1003BE397 /* ImgurAPI.m in Sources */ = {isa = PBXBuildFile; fileRef = 9B3088A41EB8F7F1003BE397 /* ImgurAPI.m */; };
		9B3088B11EB921BE003BE397 /* NetworkWrapper.m in Sources */ = {isa = PBXBuildFile; fileRef = 9B3088B01EB921BE003BE397 /* NetworkWrapper.m */; };
		9B3088B81EB93549003BE397 /* APIWrapper.m in Sources */ = {isa = PBXBuildFile; fileRef = 9B3088B71EB93549003BE397 /* APIWrapper.m */; };
/* End PBXBuildFile section */

/* Begin PBXContainerItemProxy section */
		9B30887E1EB8ECC1003BE397 /* PBXContainerItemProxy */ = {
			isa = PBXContainerItemProxy;
			containerPortal = 9B3088561EB8ECC1003BE397 /* Project object */;
			proxyType = 1;
			remoteGlobalIDString = 9B30885D1EB8ECC1003BE397;
			remoteInfo = ImageViewer;
		};
		9B3088891EB8ECC1003BE397 /* PBXContainerItemProxy */ = {
			isa = PBXContainerItemProxy;
			containerPortal = 9B3088561EB8ECC1003BE397 /* Project object */;
			proxyType = 1;
			remoteGlobalIDString = 9B30885D1EB8ECC1003BE397;
			remoteInfo = ImageViewer;
		};
/* End PBXContainerItemProxy section */

/* Begin PBXFileReference section */
		9B30885E1EB8ECC1003BE397 /* ImageViewer.app */ = {isa = PBXFileReference; explicitFileType = wrapper.application; includeInIndex = 0; path = ImageViewer.app; sourceTree = BUILT_PRODUCTS_DIR; };
		9B3088621EB8ECC1003BE397 /* main.m */ = {isa = PBXFileReference; lastKnownFileType = sourcecode.c.objc; path = main.m; sourceTree = "<group>"; };
		9B3088641EB8ECC1003BE397 /* AppDelegate.h */ = {isa = PBXFileReference; lastKnownFileType = sourcecode.c.h; path = AppDelegate.h; sourceTree = "<group>"; };
		9B3088651EB8ECC1003BE397 /* AppDelegate.m */ = {isa = PBXFileReference; lastKnownFileType = sourcecode.c.objc; path = AppDelegate.m; sourceTree = "<group>"; };
		9B3088681EB8ECC1003BE397 /* ImageViewer.xcdatamodel */ = {isa = PBXFileReference; lastKnownFileType = wrapper.xcdatamodel; path = ImageViewer.xcdatamodel; sourceTree = "<group>"; };
		9B30886A1EB8ECC1003BE397 /* MasterViewController.h */ = {isa = PBXFileReference; lastKnownFileType = sourcecode.c.h; path = MasterViewController.h; sourceTree = "<group>"; };
		9B30886B1EB8ECC1003BE397 /* MasterViewController.m */ = {isa = PBXFileReference; lastKnownFileType = sourcecode.c.objc; path = MasterViewController.m; sourceTree = "<group>"; };
		9B30886D1EB8ECC1003BE397 /* DetailViewController.h */ = {isa = PBXFileReference; lastKnownFileType = sourcecode.c.h; path = DetailViewController.h; sourceTree = "<group>"; };
		9B30886E1EB8ECC1003BE397 /* DetailViewController.m */ = {isa = PBXFileReference; lastKnownFileType = sourcecode.c.objc; path = DetailViewController.m; sourceTree = "<group>"; };
		9B3088711EB8ECC1003BE397 /* Base */ = {isa = PBXFileReference; lastKnownFileType = file.storyboard; name = Base; path = Base.lproj/Main.storyboard; sourceTree = "<group>"; };
		9B3088731EB8ECC1003BE397 /* Assets.xcassets */ = {isa = PBXFileReference; lastKnownFileType = folder.assetcatalog; path = Assets.xcassets; sourceTree = "<group>"; };
		9B3088761EB8ECC1003BE397 /* Base */ = {isa = PBXFileReference; lastKnownFileType = file.storyboard; name = Base; path = Base.lproj/LaunchScreen.storyboard; sourceTree = "<group>"; };
		9B3088781EB8ECC1003BE397 /* Info.plist */ = {isa = PBXFileReference; lastKnownFileType = text.plist.xml; path = Info.plist; sourceTree = "<group>"; };
		9B30887D1EB8ECC1003BE397 /* ImageViewerTests.xctest */ = {isa = PBXFileReference; explicitFileType = wrapper.cfbundle; includeInIndex = 0; path = ImageViewerTests.xctest; sourceTree = BUILT_PRODUCTS_DIR; };
		9B3088811EB8ECC1003BE397 /* ImageViewerTests.m */ = {isa = PBXFileReference; lastKnownFileType = sourcecode.c.objc; path = ImageViewerTests.m; sourceTree = "<group>"; };
		9B3088831EB8ECC1003BE397 /* Info.plist */ = {isa = PBXFileReference; lastKnownFileType = text.plist.xml; path = Info.plist; sourceTree = "<group>"; };
		9B3088881EB8ECC1003BE397 /* ImageViewerUITests.xctest */ = {isa = PBXFileReference; explicitFileType = wrapper.cfbundle; includeInIndex = 0; path = ImageViewerUITests.xctest; sourceTree = BUILT_PRODUCTS_DIR; };
		9B30888C1EB8ECC1003BE397 /* ImageViewerUITests.m */ = {isa = PBXFileReference; lastKnownFileType = sourcecode.c.objc; path = ImageViewerUITests.m; sourceTree = "<group>"; };
		9B30888E1EB8ECC1003BE397 /* Info.plist */ = {isa = PBXFileReference; lastKnownFileType = text.plist.xml; path = Info.plist; sourceTree = "<group>"; };
		9B3088A31EB8F7F1003BE397 /* ImgurAPI.h */ = {isa = PBXFileReference; fileEncoding = 4; lastKnownFileType = sourcecode.c.h; name = ImgurAPI.h; path = API/Imgur/ImgurAPI.h; sourceTree = "<group>"; };
		9B3088A41EB8F7F1003BE397 /* ImgurAPI.m */ = {isa = PBXFileReference; fileEncoding = 4; lastKnownFileType = sourcecode.c.objc; name = ImgurAPI.m; path = API/Imgur/ImgurAPI.m; sourceTree = "<group>"; };
		9B3088AF1EB921BE003BE397 /* NetworkWrapper.h */ = {isa = PBXFileReference; fileEncoding = 4; lastKnownFileType = sourcecode.c.h; name = NetworkWrapper.h; path = API/Oauth/NetworkWrapper.h; sourceTree = "<group>"; };
		9B3088B01EB921BE003BE397 /* NetworkWrapper.m */ = {isa = PBXFileReference; fileEncoding = 4; lastKnownFileType = sourcecode.c.objc; name = NetworkWrapper.m; path = API/Oauth/NetworkWrapper.m; sourceTree = "<group>"; };
		9B3088B61EB93549003BE397 /* APIWrapper.h */ = {isa = PBXFileReference; fileEncoding = 4; lastKnownFileType = sourcecode.c.h; name = APIWrapper.h; path = API/APIWrapper/APIWrapper.h; sourceTree = "<group>"; };
		9B3088B71EB93549003BE397 /* APIWrapper.m */ = {isa = PBXFileReference; fileEncoding = 4; lastKnownFileType = sourcecode.c.objc; name = APIWrapper.m; path = API/APIWrapper/APIWrapper.m; sourceTree = "<group>"; };
/* End PBXFileReference section */

/* Begin PBXFrameworksBuildPhase section */
		9B30885B1EB8ECC1003BE397 /* Frameworks */ = {
			isa = PBXFrameworksBuildPhase;
			buildActionMask = 2147483647;
			files = (
			);
			runOnlyForDeploymentPostprocessing = 0;
		};
		9B30887A1EB8ECC1003BE397 /* Frameworks */ = {
			isa = PBXFrameworksBuildPhase;
			buildActionMask = 2147483647;
			files = (
			);
			runOnlyForDeploymentPostprocessing = 0;
		};
		9B3088851EB8ECC1003BE397 /* Frameworks */ = {
			isa = PBXFrameworksBuildPhase;
			buildActionMask = 2147483647;
			files = (
			);
			runOnlyForDeploymentPostprocessing = 0;
		};
/* End PBXFrameworksBuildPhase section */

/* Begin PBXGroup section */
		9B3088551EB8ECC1003BE397 = {
			isa = PBXGroup;
			children = (
				9B3088601EB8ECC1003BE397 /* ImageViewer */,
				9B3088801EB8ECC1003BE397 /* ImageViewerTests */,
				9B30888B1EB8ECC1003BE397 /* ImageViewerUITests */,
				9B30885F1EB8ECC1003BE397 /* Products */,
			);
			sourceTree = "<group>";
		};
		9B30885F1EB8ECC1003BE397 /* Products */ = {
			isa = PBXGroup;
			children = (
				9B30885E1EB8ECC1003BE397 /* ImageViewer.app */,
				9B30887D1EB8ECC1003BE397 /* ImageViewerTests.xctest */,
				9B3088881EB8ECC1003BE397 /* ImageViewerUITests.xctest */,
			);
			name = Products;
			sourceTree = "<group>";
		};
		9B3088601EB8ECC1003BE397 /* ImageViewer */ = {
			isa = PBXGroup;
			children = (
				9B3088A11EB8F5F3003BE397 /* API */,
				9B30889A1EB8EE2C003BE397 /* Model */,
				9B3088641EB8ECC1003BE397 /* AppDelegate.h */,
				9B3088651EB8ECC1003BE397 /* AppDelegate.m */,
				9B30886A1EB8ECC1003BE397 /* MasterViewController.h */,
				9B30886B1EB8ECC1003BE397 /* MasterViewController.m */,
				9B30886D1EB8ECC1003BE397 /* DetailViewController.h */,
				9B30886E1EB8ECC1003BE397 /* DetailViewController.m */,
				9B3088701EB8ECC1003BE397 /* Main.storyboard */,
				9B3088731EB8ECC1003BE397 /* Assets.xcassets */,
				9B3088751EB8ECC1003BE397 /* LaunchScreen.storyboard */,
				9B3088781EB8ECC1003BE397 /* Info.plist */,
				9B3088671EB8ECC1003BE397 /* ImageViewer.xcdatamodeld */,
				9B3088611EB8ECC1003BE397 /* Supporting Files */,
			);
			path = ImageViewer;
			sourceTree = "<group>";
		};
		9B3088611EB8ECC1003BE397 /* Supporting Files */ = {
			isa = PBXGroup;
			children = (
				9B3088621EB8ECC1003BE397 /* main.m */,
			);
			name = "Supporting Files";
			sourceTree = "<group>";
		};
		9B3088801EB8ECC1003BE397 /* ImageViewerTests */ = {
			isa = PBXGroup;
			children = (
				9B3088811EB8ECC1003BE397 /* ImageViewerTests.m */,
				9B3088831EB8ECC1003BE397 /* Info.plist */,
			);
			path = ImageViewerTests;
			sourceTree = "<group>";
		};
		9B30888B1EB8ECC1003BE397 /* ImageViewerUITests */ = {
			isa = PBXGroup;
			children = (
				9B30888C1EB8ECC1003BE397 /* ImageViewerUITests.m */,
				9B30888E1EB8ECC1003BE397 /* Info.plist */,
			);
			path = ImageViewerUITests;
			sourceTree = "<group>";
		};
		9B30889A1EB8EE2C003BE397 /* Model */ = {
			isa = PBXGroup;
			children = (
			);
			name = Model;
			sourceTree = "<group>";
		};
		9B3088A11EB8F5F3003BE397 /* API */ = {
			isa = PBXGroup;
			children = (
				9B3088B51EB93530003BE397 /* APIWrapper */,
				9B3088A61EB8FCE0003BE397 /* NetworkWrapper */,
				9B3088A21EB8F5FE003BE397 /* Imgur */,
			);
			name = API;
			sourceTree = "<group>";
		};
		9B3088A21EB8F5FE003BE397 /* Imgur */ = {
			isa = PBXGroup;
			children = (
				9B3088A31EB8F7F1003BE397 /* ImgurAPI.h */,
				9B3088A41EB8F7F1003BE397 /* ImgurAPI.m */,
			);
			name = Imgur;
			sourceTree = "<group>";
		};
		9B3088A61EB8FCE0003BE397 /* NetworkWrapper */ = {
			isa = PBXGroup;
			children = (
				9B3088AF1EB921BE003BE397 /* NetworkWrapper.h */,
				9B3088B01EB921BE003BE397 /* NetworkWrapper.m */,
			);
			name = NetworkWrapper;
			sourceTree = "<group>";
		};
		9B3088B51EB93530003BE397 /* APIWrapper */ = {
			isa = PBXGroup;
			children = (
				9B3088B61EB93549003BE397 /* APIWrapper.h */,
				9B3088B71EB93549003BE397 /* APIWrapper.m */,
			);
			name = APIWrapper;
			sourceTree = "<group>";
		};
/* End PBXGroup section */

/* Begin PBXNativeTarget section */
		9B30885D1EB8ECC1003BE397 /* ImageViewer */ = {
			isa = PBXNativeTarget;
			buildConfigurationList = 9B3088911EB8ECC1003BE397 /* Build configuration list for PBXNativeTarget "ImageViewer" */;
			buildPhases = (
				9B30885A1EB8ECC1003BE397 /* Sources */,
				9B30885B1EB8ECC1003BE397 /* Frameworks */,
				9B30885C1EB8ECC1003BE397 /* Resources */,
			);
			buildRules = (
			);
			dependencies = (
			);
			name = ImageViewer;
			productName = ImageViewer;
			productReference = 9B30885E1EB8ECC1003BE397 /* ImageViewer.app */;
			productType = "com.apple.product-type.application";
		};
		9B30887C1EB8ECC1003BE397 /* ImageViewerTests */ = {
			isa = PBXNativeTarget;
			buildConfigurationList = 9B3088941EB8ECC1003BE397 /* Build configuration list for PBXNativeTarget "ImageViewerTests" */;
			buildPhases = (
				9B3088791EB8ECC1003BE397 /* Sources */,
				9B30887A1EB8ECC1003BE397 /* Frameworks */,
				9B30887B1EB8ECC1003BE397 /* Resources */,
			);
			buildRules = (
			);
			dependencies = (
				9B30887F1EB8ECC1003BE397 /* PBXTargetDependency */,
			);
			name = ImageViewerTests;
			productName = ImageViewerTests;
			productReference = 9B30887D1EB8ECC1003BE397 /* ImageViewerTests.xctest */;
			productType = "com.apple.product-type.bundle.unit-test";
		};
		9B3088871EB8ECC1003BE397 /* ImageViewerUITests */ = {
			isa = PBXNativeTarget;
			buildConfigurationList = 9B3088971EB8ECC1003BE397 /* Build configuration list for PBXNativeTarget "ImageViewerUITests" */;
			buildPhases = (
				9B3088841EB8ECC1003BE397 /* Sources */,
				9B3088851EB8ECC1003BE397 /* Frameworks */,
				9B3088861EB8ECC1003BE397 /* Resources */,
			);
			buildRules = (
			);
			dependencies = (
				9B30888A1EB8ECC1003BE397 /* PBXTargetDependency */,
			);
			name = ImageViewerUITests;
			productName = ImageViewerUITests;
			productReference = 9B3088881EB8ECC1003BE397 /* ImageViewerUITests.xctest */;
			productType = "com.apple.product-type.bundle.ui-testing";
		};
/* End PBXNativeTarget section */

/* Begin PBXProject section */
		9B3088561EB8ECC1003BE397 /* Project object */ = {
			isa = PBXProject;
			attributes = {
				LastUpgradeCheck = 0830;
				ORGANIZATIONNAME = wso277;
				TargetAttributes = {
					9B30885D1EB8ECC1003BE397 = {
						CreatedOnToolsVersion = 8.3.2;
						DevelopmentTeam = DENHGWUZY3;
						ProvisioningStyle = Automatic;
					};
					9B30887C1EB8ECC1003BE397 = {
						CreatedOnToolsVersion = 8.3.2;
						DevelopmentTeam = DENHGWUZY3;
						ProvisioningStyle = Automatic;
						TestTargetID = 9B30885D1EB8ECC1003BE397;
					};
					9B3088871EB8ECC1003BE397 = {
						CreatedOnToolsVersion = 8.3.2;
						DevelopmentTeam = DENHGWUZY3;
						ProvisioningStyle = Automatic;
						TestTargetID = 9B30885D1EB8ECC1003BE397;
					};
				};
			};
			buildConfigurationList = 9B3088591EB8ECC1003BE397 /* Build configuration list for PBXProject "ImageViewer" */;
			compatibilityVersion = "Xcode 3.2";
			developmentRegion = English;
			hasScannedForEncodings = 0;
			knownRegions = (
				en,
				Base,
			);
			mainGroup = 9B3088551EB8ECC1003BE397;
			productRefGroup = 9B30885F1EB8ECC1003BE397 /* Products */;
			projectDirPath = "";
			projectRoot = "";
			targets = (
				9B30885D1EB8ECC1003BE397 /* ImageViewer */,
				9B30887C1EB8ECC1003BE397 /* ImageViewerTests */,
				9B3088871EB8ECC1003BE397 /* ImageViewerUITests */,
			);
		};
/* End PBXProject section */

/* Begin PBXResourcesBuildPhase section */
		9B30885C1EB8ECC1003BE397 /* Resources */ = {
			isa = PBXResourcesBuildPhase;
			buildActionMask = 2147483647;
			files = (
				9B3088771EB8ECC1003BE397 /* LaunchScreen.storyboard in Resources */,
				9B3088741EB8ECC1003BE397 /* Assets.xcassets in Resources */,
				9B3088721EB8ECC1003BE397 /* Main.storyboard in Resources */,
			);
			runOnlyForDeploymentPostprocessing = 0;
		};
		9B30887B1EB8ECC1003BE397 /* Resources */ = {
			isa = PBXResourcesBuildPhase;
			buildActionMask = 2147483647;
			files = (
			);
			runOnlyForDeploymentPostprocessing = 0;
		};
		9B3088861EB8ECC1003BE397 /* Resources */ = {
			isa = PBXResourcesBuildPhase;
			buildActionMask = 2147483647;
			files = (
			);
			runOnlyForDeploymentPostprocessing = 0;
		};
/* End PBXResourcesBuildPhase section */

/* Begin PBXSourcesBuildPhase section */
		9B30885A1EB8ECC1003BE397 /* Sources */ = {
			isa = PBXSourcesBuildPhase;
			buildActionMask = 2147483647;
			files = (
				9B30886F1EB8ECC1003BE397 /* DetailViewController.m in Sources */,
				9B30886C1EB8ECC1003BE397 /* MasterViewController.m in Sources */,
				9B3088B81EB93549003BE397 /* APIWrapper.m in Sources */,
				9B3088661EB8ECC1003BE397 /* AppDelegate.m in Sources */,
				9B3088B11EB921BE003BE397 /* NetworkWrapper.m in Sources */,
				9B3088A51EB8F7F1003BE397 /* ImgurAPI.m in Sources */,
				9B3088691EB8ECC1003BE397 /* ImageViewer.xcdatamodeld in Sources */,
				9B3088631EB8ECC1003BE397 /* main.m in Sources */,
			);
			runOnlyForDeploymentPostprocessing = 0;
		};
		9B3088791EB8ECC1003BE397 /* Sources */ = {
			isa = PBXSourcesBuildPhase;
			buildActionMask = 2147483647;
			files = (
				9B3088821EB8ECC1003BE397 /* ImageViewerTests.m in Sources */,
			);
			runOnlyForDeploymentPostprocessing = 0;
		};
		9B3088841EB8ECC1003BE397 /* Sources */ = {
			isa = PBXSourcesBuildPhase;
			buildActionMask = 2147483647;
			files = (
				9B30888D1EB8ECC1003BE397 /* ImageViewerUITests.m in Sources */,
			);
			runOnlyForDeploymentPostprocessing = 0;
		};
/* End PBXSourcesBuildPhase section */

/* Begin PBXTargetDependency section */
		9B30887F1EB8ECC1003BE397 /* PBXTargetDependency */ = {
			isa = PBXTargetDependency;
			target = 9B30885D1EB8ECC1003BE397 /* ImageViewer */;
			targetProxy = 9B30887E1EB8ECC1003BE397 /* PBXContainerItemProxy */;
		};
		9B30888A1EB8ECC1003BE397 /* PBXTargetDependency */ = {
			isa = PBXTargetDependency;
			target = 9B30885D1EB8ECC1003BE397 /* ImageViewer */;
			targetProxy = 9B3088891EB8ECC1003BE397 /* PBXContainerItemProxy */;
		};
/* End PBXTargetDependency section */

/* Begin PBXVariantGroup section */
		9B3088701EB8ECC1003BE397 /* Main.storyboard */ = {
			isa = PBXVariantGroup;
			children = (
				9B3088711EB8ECC1003BE397 /* Base */,
			);
			name = Main.storyboard;
			sourceTree = "<group>";
		};
		9B3088751EB8ECC1003BE397 /* LaunchScreen.storyboard */ = {
			isa = PBXVariantGroup;
			children = (
				9B3088761EB8ECC1003BE397 /* Base */,
			);
			name = LaunchScreen.storyboard;
			sourceTree = "<group>";
		};
/* End PBXVariantGroup section */

/* Begin XCBuildConfiguration section */
		9B30888F1EB8ECC1003BE397 /* Debug */ = {
			isa = XCBuildConfiguration;
			buildSettings = {
				ALWAYS_SEARCH_USER_PATHS = NO;
				CLANG_ANALYZER_NONNULL = YES;
				CLANG_ANALYZER_NUMBER_OBJECT_CONVERSION = YES_AGGRESSIVE;
				CLANG_CXX_LANGUAGE_STANDARD = "gnu++0x";
				CLANG_CXX_LIBRARY = "libc++";
				CLANG_ENABLE_MODULES = YES;
				CLANG_ENABLE_OBJC_ARC = YES;
				CLANG_WARN_BOOL_CONVERSION = YES;
				CLANG_WARN_CONSTANT_CONVERSION = YES;
				CLANG_WARN_DIRECT_OBJC_ISA_USAGE = YES_ERROR;
				CLANG_WARN_DOCUMENTATION_COMMENTS = YES;
				CLANG_WARN_EMPTY_BODY = YES;
				CLANG_WARN_ENUM_CONVERSION = YES;
				CLANG_WARN_INFINITE_RECURSION = YES;
				CLANG_WARN_INT_CONVERSION = YES;
				CLANG_WARN_OBJC_ROOT_CLASS = YES_ERROR;
				CLANG_WARN_SUSPICIOUS_MOVE = YES;
				CLANG_WARN_UNREACHABLE_CODE = YES;
				CLANG_WARN__DUPLICATE_METHOD_MATCH = YES;
				"CODE_SIGN_IDENTITY[sdk=iphoneos*]" = "iPhone Developer";
				COPY_PHASE_STRIP = NO;
				DEBUG_INFORMATION_FORMAT = dwarf;
				ENABLE_STRICT_OBJC_MSGSEND = YES;
				ENABLE_TESTABILITY = YES;
				GCC_C_LANGUAGE_STANDARD = gnu99;
				GCC_DYNAMIC_NO_PIC = NO;
				GCC_NO_COMMON_BLOCKS = YES;
				GCC_OPTIMIZATION_LEVEL = 0;
				GCC_PREPROCESSOR_DEFINITIONS = (
					"DEBUG=1",
					"$(inherited)",
				);
				GCC_WARN_64_TO_32_BIT_CONVERSION = YES;
				GCC_WARN_ABOUT_RETURN_TYPE = YES_ERROR;
				GCC_WARN_UNDECLARED_SELECTOR = YES;
				GCC_WARN_UNINITIALIZED_AUTOS = YES_AGGRESSIVE;
				GCC_WARN_UNUSED_FUNCTION = YES;
				GCC_WARN_UNUSED_VARIABLE = YES;
				IPHONEOS_DEPLOYMENT_TARGET = 10.3;
				MTL_ENABLE_DEBUG_INFO = YES;
				ONLY_ACTIVE_ARCH = YES;
				SDKROOT = iphoneos;
				TARGETED_DEVICE_FAMILY = "1,2";
			};
			name = Debug;
		};
		9B3088901EB8ECC1003BE397 /* Release */ = {
			isa = XCBuildConfiguration;
			buildSettings = {
				ALWAYS_SEARCH_USER_PATHS = NO;
				CLANG_ANALYZER_NONNULL = YES;
				CLANG_ANALYZER_NUMBER_OBJECT_CONVERSION = YES_AGGRESSIVE;
				CLANG_CXX_LANGUAGE_STANDARD = "gnu++0x";
				CLANG_CXX_LIBRARY = "libc++";
				CLANG_ENABLE_MODULES = YES;
				CLANG_ENABLE_OBJC_ARC = YES;
				CLANG_WARN_BOOL_CONVERSION = YES;
				CLANG_WARN_CONSTANT_CONVERSION = YES;
				CLANG_WARN_DIRECT_OBJC_ISA_USAGE = YES_ERROR;
				CLANG_WARN_DOCUMENTATION_COMMENTS = YES;
				CLANG_WARN_EMPTY_BODY = YES;
				CLANG_WARN_ENUM_CONVERSION = YES;
				CLANG_WARN_INFINITE_RECURSION = YES;
				CLANG_WARN_INT_CONVERSION = YES;
				CLANG_WARN_OBJC_ROOT_CLASS = YES_ERROR;
				CLANG_WARN_SUSPICIOUS_MOVE = YES;
				CLANG_WARN_UNREACHABLE_CODE = YES;
				CLANG_WARN__DUPLICATE_METHOD_MATCH = YES;
				"CODE_SIGN_IDENTITY[sdk=iphoneos*]" = "iPhone Developer";
				COPY_PHASE_STRIP = NO;
				DEBUG_INFORMATION_FORMAT = "dwarf-with-dsym";
				ENABLE_NS_ASSERTIONS = NO;
				ENABLE_STRICT_OBJC_MSGSEND = YES;
				GCC_C_LANGUAGE_STANDARD = gnu99;
				GCC_NO_COMMON_BLOCKS = YES;
				GCC_WARN_64_TO_32_BIT_CONVERSION = YES;
				GCC_WARN_ABOUT_RETURN_TYPE = YES_ERROR;
				GCC_WARN_UNDECLARED_SELECTOR = YES;
				GCC_WARN_UNINITIALIZED_AUTOS = YES_AGGRESSIVE;
				GCC_WARN_UNUSED_FUNCTION = YES;
				GCC_WARN_UNUSED_VARIABLE = YES;
				IPHONEOS_DEPLOYMENT_TARGET = 10.3;
				MTL_ENABLE_DEBUG_INFO = NO;
				SDKROOT = iphoneos;
				TARGETED_DEVICE_FAMILY = "1,2";
				VALIDATE_PRODUCT = YES;
			};
			name = Release;
		};
		9B3088921EB8ECC1003BE397 /* Debug */ = {
			isa = XCBuildConfiguration;
			buildSettings = {
				ASSETCATALOG_COMPILER_APPICON_NAME = AppIcon;
				DEVELOPMENT_TEAM = DENHGWUZY3;
				INFOPLIST_FILE = ImageViewer/Info.plist;
				IPHONEOS_DEPLOYMENT_TARGET = 9.0;
				LD_RUNPATH_SEARCH_PATHS = "$(inherited) @executable_path/Frameworks";
				PRODUCT_BUNDLE_IDENTIFIER = co.wso277.ImageViewer;
				PRODUCT_NAME = "$(TARGET_NAME)";
			};
			name = Debug;
		};
		9B3088931EB8ECC1003BE397 /* Release */ = {
			isa = XCBuildConfiguration;
			buildSettings = {
				ASSETCATALOG_COMPILER_APPICON_NAME = AppIcon;
				DEVELOPMENT_TEAM = DENHGWUZY3;
				INFOPLIST_FILE = ImageViewer/Info.plist;
				IPHONEOS_DEPLOYMENT_TARGET = 9.0;
				LD_RUNPATH_SEARCH_PATHS = "$(inherited) @executable_path/Frameworks";
				PRODUCT_BUNDLE_IDENTIFIER = co.wso277.ImageViewer;
				PRODUCT_NAME = "$(TARGET_NAME)";
			};
			name = Release;
		};
		9B3088951EB8ECC1003BE397 /* Debug */ = {
			isa = XCBuildConfiguration;
			buildSettings = {
				BUNDLE_LOADER = "$(TEST_HOST)";
				DEVELOPMENT_TEAM = DENHGWUZY3;
				INFOPLIST_FILE = ImageViewerTests/Info.plist;
				LD_RUNPATH_SEARCH_PATHS = "$(inherited) @executable_path/Frameworks @loader_path/Frameworks";
				PRODUCT_BUNDLE_IDENTIFIER = co.wso277.ImageViewerTests;
				PRODUCT_NAME = "$(TARGET_NAME)";
				TEST_HOST = "$(BUILT_PRODUCTS_DIR)/ImageViewer.app/ImageViewer";
			};
			name = Debug;
		};
		9B3088961EB8ECC1003BE397 /* Release */ = {
			isa = XCBuildConfiguration;
			buildSettings = {
				BUNDLE_LOADER = "$(TEST_HOST)";
				DEVELOPMENT_TEAM = DENHGWUZY3;
				INFOPLIST_FILE = ImageViewerTests/Info.plist;
				LD_RUNPATH_SEARCH_PATHS = "$(inherited) @executable_path/Frameworks @loader_path/Frameworks";
				PRODUCT_BUNDLE_IDENTIFIER = co.wso277.ImageViewerTests;
				PRODUCT_NAME = "$(TARGET_NAME)";
				TEST_HOST = "$(BUILT_PRODUCTS_DIR)/ImageViewer.app/ImageViewer";
			};
			name = Release;
		};
		9B3088981EB8ECC1003BE397 /* Debug */ = {
			isa = XCBuildConfiguration;
			buildSettings = {
				DEVELOPMENT_TEAM = DENHGWUZY3;
				INFOPLIST_FILE = ImageViewerUITests/Info.plist;
				LD_RUNPATH_SEARCH_PATHS = "$(inherited) @executable_path/Frameworks @loader_path/Frameworks";
				PRODUCT_BUNDLE_IDENTIFIER = co.wso277.ImageViewerUITests;
				PRODUCT_NAME = "$(TARGET_NAME)";
				TEST_TARGET_NAME = ImageViewer;
			};
			name = Debug;
		};
		9B3088991EB8ECC1003BE397 /* Release */ = {
			isa = XCBuildConfiguration;
			buildSettings = {
				DEVELOPMENT_TEAM = DENHGWUZY3;
				INFOPLIST_FILE = ImageViewerUITests/Info.plist;
				LD_RUNPATH_SEARCH_PATHS = "$(inherited) @executable_path/Frameworks @loader_path/Frameworks";
				PRODUCT_BUNDLE_IDENTIFIER = co.wso277.ImageViewerUITests;
				PRODUCT_NAME = "$(TARGET_NAME)";
				TEST_TARGET_NAME = ImageViewer;
			};
			name = Release;
		};
/* End XCBuildConfiguration section */

/* Begin XCConfigurationList section */
		9B3088591EB8ECC1003BE397 /* Build configuration list for PBXProject "ImageViewer" */ = {
			isa = XCConfigurationList;
			buildConfigurations = (
				9B30888F1EB8ECC1003BE397 /* Debug */,
				9B3088901EB8ECC1003BE397 /* Release */,
			);
			defaultConfigurationIsVisible = 0;
			defaultConfigurationName = Release;
		};
		9B3088911EB8ECC1003BE397 /* Build configuration list for PBXNativeTarget "ImageViewer" */ = {
			isa = XCConfigurationList;
			buildConfigurations = (
				9B3088921EB8ECC1003BE397 /* Debug */,
				9B3088931EB8ECC1003BE397 /* Release */,
			);
			defaultConfigurationIsVisible = 0;
		};
		9B3088941EB8ECC1003BE397 /* Build configuration list for PBXNativeTarget "ImageViewerTests" */ = {
			isa = XCConfigurationList;
			buildConfigurations = (
				9B3088951EB8ECC1003BE397 /* Debug */,
				9B3088961EB8ECC1003BE397 /* Release */,
			);
			defaultConfigurationIsVisible = 0;
		};
		9B3088971EB8ECC1003BE397 /* Build configuration list for PBXNativeTarget "ImageViewerUITests" */ = {
			isa = XCConfigurationList;
			buildConfigurations = (
				9B3088981EB8ECC1003BE397 /* Debug */,
				9B3088991EB8ECC1003BE397 /* Release */,
			);
			defaultConfigurationIsVisible = 0;
		};
/* End XCConfigurationList section */

/* Begin XCVersionGroup section */
		9B3088671EB8ECC1003BE397 /* ImageViewer.xcdatamodeld */ = {
			isa = XCVersionGroup;
			children = (
				9B3088681EB8ECC1003BE397 /* ImageViewer.xcdatamodel */,
			);
			currentVersion = 9B3088681EB8ECC1003BE397 /* ImageViewer.xcdatamodel */;
			path = ImageViewer.xcdatamodeld;
			sourceTree = "<group>";
			versionGroupType = wrapper.xcdatamodel;
		};
/* End XCVersionGroup section */
	};
	rootObject = 9B3088561EB8ECC1003BE397 /* Project object */;
}
